// !$*UTF8*$!
{
	archiveVersion = 1;
	classes = {
	};
	objectVersion = 46;
	objects = {

/* Begin PBXBuildFile section */
		DEC0320F19AABA3600A70A6A /* AppDelegate.swift in Sources */ = {isa = PBXBuildFile; fileRef = DEC0320E19AABA3600A70A6A /* AppDelegate.swift */; };
		DEC0321119AABA3600A70A6A /* ViewController.swift in Sources */ = {isa = PBXBuildFile; fileRef = DEC0321019AABA3600A70A6A /* ViewController.swift */; };
		DEC0321419AABA3600A70A6A /* Main.storyboard in Resources */ = {isa = PBXBuildFile; fileRef = DEC0321219AABA3600A70A6A /* Main.storyboard */; };
		DEC0321619AABA3600A70A6A /* Images.xcassets in Resources */ = {isa = PBXBuildFile; fileRef = DEC0321519AABA3600A70A6A /* Images.xcassets */; };
		DEC0322219AABA3600A70A6A /* mailbox_prototypeTests.swift in Sources */ = {isa = PBXBuildFile; fileRef = DEC0322119AABA3600A70A6A /* mailbox_prototypeTests.swift */; };
/* End PBXBuildFile section */

/* Begin PBXContainerItemProxy section */
		DEC0321C19AABA3600A70A6A /* PBXContainerItemProxy */ = {
			isa = PBXContainerItemProxy;
			containerPortal = DEC0320119AABA3600A70A6A /* Project object */;
			proxyType = 1;
			remoteGlobalIDString = DEC0320819AABA3600A70A6A;
			remoteInfo = mailbox_prototype;
		};
/* End PBXContainerItemProxy section */

/* Begin PBXFileReference section */
		DEC0320919AABA3600A70A6A /* mailbox_prototype.app */ = {isa = PBXFileReference; explicitFileType = wrapper.application; includeInIndex = 0; path = mailbox_prototype.app; sourceTree = BUILT_PRODUCTS_DIR; };
		DEC0320D19AABA3600A70A6A /* Info.plist */ = {isa = PBXFileReference; lastKnownFileType = text.plist.xml; path = Info.plist; sourceTree = "<group>"; };
		DEC0320E19AABA3600A70A6A /* AppDelegate.swift */ = {isa = PBXFileReference; lastKnownFileType = sourcecode.swift; path = AppDelegate.swift; sourceTree = "<group>"; };
		DEC0321019AABA3600A70A6A /* ViewController.swift */ = {isa = PBXFileReference; lastKnownFileType = sourcecode.swift; path = ViewController.swift; sourceTree = "<group>"; };
		DEC0321319AABA3600A70A6A /* Base */ = {isa = PBXFileReference; lastKnownFileType = file.storyboard; name = Base; path = Base.lproj/Main.storyboard; sourceTree = "<group>"; };
		DEC0321519AABA3600A70A6A /* Images.xcassets */ = {isa = PBXFileReference; lastKnownFileType = folder.assetcatalog; path = Images.xcassets; sourceTree = "<group>"; };
		DEC0321B19AABA3600A70A6A /* mailbox_prototypeTests.xctest */ = {isa = PBXFileReference; explicitFileType = wrapper.cfbundle; includeInIndex = 0; path = mailbox_prototypeTests.xctest; sourceTree = BUILT_PRODUCTS_DIR; };
		DEC0322019AABA3600A70A6A /* Info.plist */ = {isa = PBXFileReference; lastKnownFileType = text.plist.xml; path = Info.plist; sourceTree = "<group>"; };
		DEC0322119AABA3600A70A6A /* mailbox_prototypeTests.swift */ = {isa = PBXFileReference; lastKnownFileType = sourcecode.swift; path = mailbox_prototypeTests.swift; sourceTree = "<group>"; };
/* End PBXFileReference section */

/* Begin PBXFrameworksBuildPhase section */
		DEC0320619AABA3600A70A6A /* Frameworks */ = {
			isa = PBXFrameworksBuildPhase;
			buildActionMask = 2147483647;
			files = (
			);
			runOnlyForDeploymentPostprocessing = 0;
		};
		DEC0321819AABA3600A70A6A /* Frameworks */ = {
			isa = PBXFrameworksBuildPhase;
			buildActionMask = 2147483647;
			files = (
			);
			runOnlyForDeploymentPostprocessing = 0;
		};
/* End PBXFrameworksBuildPhase section */

/* Begin PBXGroup section */
		DEC0320019AABA3600A70A6A = {
			isa = PBXGroup;
			children = (
				DEC0320B19AABA3600A70A6A /* mailbox_prototype */,
				DEC0321E19AABA3600A70A6A /* mailbox_prototypeTests */,
				DEC0320A19AABA3600A70A6A /* Products */,
			);
			sourceTree = "<group>";
		};
		DEC0320A19AABA3600A70A6A /* Products */ = {
			isa = PBXGroup;
			children = (
				DEC0320919AABA3600A70A6A /* mailbox_prototype.app */,
				DEC0321B19AABA3600A70A6A /* mailbox_prototypeTests.xctest */,
			);
			name = Products;
			sourceTree = "<group>";
		};
		DEC0320B19AABA3600A70A6A /* mailbox_prototype */ = {
			isa = PBXGroup;
			children = (
				DEC0320E19AABA3600A70A6A /* AppDelegate.swift */,
				DEC0321019AABA3600A70A6A /* ViewController.swift */,
				DEC0321219AABA3600A70A6A /* Main.storyboard */,
				DEC0321519AABA3600A70A6A /* Images.xcassets */,
				DEC0320C19AABA3600A70A6A /* Supporting Files */,
			);
			path = mailbox_prototype;
			sourceTree = "<group>";
		};
		DEC0320C19AABA3600A70A6A /* Supporting Files */ = {
			isa = PBXGroup;
			children = (
				DEC0320D19AABA3600A70A6A /* Info.plist */,
			);
			name = "Supporting Files";
			sourceTree = "<group>";
		};
		DEC0321E19AABA3600A70A6A /* mailbox_prototypeTests */ = {
			isa = PBXGroup;
			children = (
				DEC0322119AABA3600A70A6A /* mailbox_prototypeTests.swift */,
				DEC0321F19AABA3600A70A6A /* Supporting Files */,
			);
			path = mailbox_prototypeTests;
			sourceTree = "<group>";
		};
		DEC0321F19AABA3600A70A6A /* Supporting Files */ = {
			isa = PBXGroup;
			children = (
				DEC0322019AABA3600A70A6A /* Info.plist */,
			);
			name = "Supporting Files";
			sourceTree = "<group>";
		};
/* End PBXGroup section */

/* Begin PBXNativeTarget section */
		DEC0320819AABA3600A70A6A /* mailbox_prototype */ = {
			isa = PBXNativeTarget;
			buildConfigurationList = DEC0322519AABA3600A70A6A /* Build configuration list for PBXNativeTarget "mailbox_prototype" */;
			buildPhases = (
				DEC0320519AABA3600A70A6A /* Sources */,
				DEC0320619AABA3600A70A6A /* Frameworks */,
				DEC0320719AABA3600A70A6A /* Resources */,
			);
			buildRules = (
			);
			dependencies = (
			);
			name = mailbox_prototype;
			productName = mailbox_prototype;
			productReference = DEC0320919AABA3600A70A6A /* mailbox_prototype.app */;
			productType = "com.apple.product-type.application";
		};
		DEC0321A19AABA3600A70A6A /* mailbox_prototypeTests */ = {
			isa = PBXNativeTarget;
			buildConfigurationList = DEC0322819AABA3600A70A6A /* Build configuration list for PBXNativeTarget "mailbox_prototypeTests" */;
			buildPhases = (
				DEC0321719AABA3600A70A6A /* Sources */,
				DEC0321819AABA3600A70A6A /* Frameworks */,
				DEC0321919AABA3600A70A6A /* Resources */,
			);
			buildRules = (
			);
			dependencies = (
				DEC0321D19AABA3600A70A6A /* PBXTargetDependency */,
			);
			name = mailbox_prototypeTests;
			productName = mailbox_prototypeTests;
			productReference = DEC0321B19AABA3600A70A6A /* mailbox_prototypeTests.xctest */;
			productType = "com.apple.product-type.bundle.unit-test";
		};
/* End PBXNativeTarget section */

/* Begin PBXProject section */
		DEC0320119AABA3600A70A6A /* Project object */ = {
			isa = PBXProject;
			attributes = {
				LastUpgradeCheck = 0600;
				ORGANIZATIONNAME = "Ryhan Hassan";
				TargetAttributes = {
					DEC0320819AABA3600A70A6A = {
						CreatedOnToolsVersion = 6.0;
					};
					DEC0321A19AABA3600A70A6A = {
						CreatedOnToolsVersion = 6.0;
						TestTargetID = DEC0320819AABA3600A70A6A;
					};
				};
			};
			buildConfigurationList = DEC0320419AABA3600A70A6A /* Build configuration list for PBXProject "mailbox_prototype" */;
			compatibilityVersion = "Xcode 3.2";
			developmentRegion = English;
			hasScannedForEncodings = 0;
			knownRegions = (
				en,
				Base,
			);
			mainGroup = DEC0320019AABA3600A70A6A;
			productRefGroup = DEC0320A19AABA3600A70A6A /* Products */;
			projectDirPath = "";
			projectRoot = "";
			targets = (
				DEC0320819AABA3600A70A6A /* mailbox_prototype */,
				DEC0321A19AABA3600A70A6A /* mailbox_prototypeTests */,
			);
		};
/* End PBXProject section */

/* Begin PBXResourcesBuildPhase section */
		DEC0320719AABA3600A70A6A /* Resources */ = {
			isa = PBXResourcesBuildPhase;
			buildActionMask = 2147483647;
			files = (
				DEC0321419AABA3600A70A6A /* Main.storyboard in Resources */,
				DEC0321619AABA3600A70A6A /* Images.xcassets in Resources */,
			);
			runOnlyForDeploymentPostprocessing = 0;
		};
		DEC0321919AABA3600A70A6A /* Resources */ = {
			isa = PBXResourcesBuildPhase;
			buildActionMask = 2147483647;
			files = (
			);
			runOnlyForDeploymentPostprocessing = 0;
		};
/* End PBXResourcesBuildPhase section */

/* Begin PBXSourcesBuildPhase section */
		DEC0320519AABA3600A70A6A /* Sources */ = {
			isa = PBXSourcesBuildPhase;
			buildActionMask = 2147483647;
			files = (
				DEC0321119AABA3600A70A6A /* ViewController.swift in Sources */,
				DEC0320F19AABA3600A70A6A /* AppDelegate.swift in Sources */,
			);
			runOnlyForDeploymentPostprocessing = 0;
		};
		DEC0321719AABA3600A70A6A /* Sources */ = {
			isa = PBXSourcesBuildPhase;
			buildActionMask = 2147483647;
			files = (
				DEC0322219AABA3600A70A6A /* mailbox_prototypeTests.swift in Sources */,
			);
			runOnlyForDeploymentPostprocessing = 0;
		};
/* End PBXSourcesBuildPhase section */

/* Begin PBXTargetDependency section */
		DEC0321D19AABA3600A70A6A /* PBXTargetDependency */ = {
			isa = PBXTargetDependency;
			target = DEC0320819AABA3600A70A6A /* mailbox_prototype */;
			targetProxy = DEC0321C19AABA3600A70A6A /* PBXContainerItemProxy */;
		};
/* End PBXTargetDependency section */

/* Begin PBXVariantGroup section */
		DEC0321219AABA3600A70A6A /* Main.storyboard */ = {
			isa = PBXVariantGroup;
			children = (
				DEC0321319AABA3600A70A6A /* Base */,
			);
			name = Main.storyboard;
			sourceTree = "<group>";
		};
/* End PBXVariantGroup section */

/* Begin XCBuildConfiguration section */
		DEC0322319AABA3600A70A6A /* Debug */ = {
			isa = XCBuildConfiguration;
			buildSettings = {
				ALWAYS_SEARCH_USER_PATHS = NO;
				CLANG_CXX_LANGUAGE_STANDARD = "gnu++0x";
				CLANG_CXX_LIBRARY = "libc++";
				CLANG_ENABLE_MODULES = YES;
				CLANG_ENABLE_OBJC_ARC = YES;
				CLANG_WARN_BOOL_CONVERSION = YES;
				CLANG_WARN_CONSTANT_CONVERSION = YES;
				CLANG_WARN_DIRECT_OBJC_ISA_USAGE = YES_ERROR;
				CLANG_WARN_EMPTY_BODY = YES;
				CLANG_WARN_ENUM_CONVERSION = YES;
				CLANG_WARN_INT_CONVERSION = YES;
				CLANG_WARN_OBJC_ROOT_CLASS = YES_ERROR;
				CLANG_WARN_UNREACHABLE_CODE = YES;
				CLANG_WARN__DUPLICATE_METHOD_MATCH = YES;
				"CODE_SIGN_IDENTITY[sdk=iphoneos*]" = "iPhone Developer";
				COPY_PHASE_STRIP = NO;
				ENABLE_STRICT_OBJC_MSGSEND = YES;
				GCC_C_LANGUAGE_STANDARD = gnu99;
				GCC_DYNAMIC_NO_PIC = NO;
				GCC_OPTIMIZATION_LEVEL = 0;
				GCC_PREPROCESSOR_DEFINITIONS = (
					"DEBUG=1",
					"$(inherited)",
				);
				GCC_SYMBOLS_PRIVATE_EXTERN = NO;
				GCC_WARN_64_TO_32_BIT_CONVERSION = YES;
				GCC_WARN_ABOUT_RETURN_TYPE = YES_ERROR;
				GCC_WARN_UNDECLARED_SELECTOR = YES;
				GCC_WARN_UNINITIALIZED_AUTOS = YES_AGGRESSIVE;
				GCC_WARN_UNUSED_FUNCTION = YES;
				GCC_WARN_UNUSED_VARIABLE = YES;
				IPHONEOS_DEPLOYMENT_TARGET = 8.0;
				MTL_ENABLE_DEBUG_INFO = YES;
				ONLY_ACTIVE_ARCH = YES;
				SDKROOT = iphoneos;
				SWIFT_OPTIMIZATION_LEVEL = "-Onone";
			};
			name = Debug;
		};
		DEC0322419AABA3600A70A6A /* Release */ = {
			isa = XCBuildConfiguration;
			buildSettings = {
				ALWAYS_SEARCH_USER_PATHS = NO;
				CLANG_CXX_LANGUAGE_STANDARD = "gnu++0x";
				CLANG_CXX_LIBRARY = "libc++";
				CLANG_ENABLE_MODULES = YES;
				CLANG_ENABLE_OBJC_ARC = YES;
				CLANG_WARN_BOOL_CONVERSION = YES;
				CLANG_WARN_CONSTANT_CONVERSION = YES;
				CLANG_WARN_DIRECT_OBJC_ISA_USAGE = YES_ERROR;
				CLANG_WARN_EMPTY_BODY = YES;
				CLANG_WARN_ENUM_CONVERSION = YES;
				CLANG_WARN_INT_CONVERSION = YES;
				CLANG_WARN_OBJC_ROOT_CLASS = YES_ERROR;
				CLANG_WARN_UNREACHABLE_CODE = YES;
				CLANG_WARN__DUPLICATE_METHOD_MATCH = YES;
				"CODE_SIGN_IDENTITY[sdk=iphoneos*]" = "iPhone Developer";
				COPY_PHASE_STRIP = YES;
				ENABLE_NS_ASSERTIONS = NO;
				ENABLE_STRICT_OBJC_MSGSEND = YES;
				GCC_C_LANGUAGE_STANDARD = gnu99;
				GCC_WARN_64_TO_32_BIT_CONVERSION = YES;
				GCC_WARN_ABOUT_RETURN_TYPE = YES_ERROR;
				GCC_WARN_UNDECLARED_SELECTOR = YES;
				GCC_WARN_UNINITIALIZED_AUTOS = YES_AGGRESSIVE;
				GCC_WARN_UNUSED_FUNCTION = YES;
				GCC_WARN_UNUSED_VARIABLE = YES;
				IPHONEOS_DEPLOYMENT_TARGET = 8.0;
				MTL_ENABLE_DEBUG_INFO = NO;
				SDKROOT = iphoneos;
				VALIDATE_PRODUCT = YES;
			};
			name = Release;
		};
		DEC0322619AABA3600A70A6A /* Debug */ = {
			isa = XCBuildConfiguration;
			buildSettings = {
				ASSETCATALOG_COMPILER_APPICON_NAME = AppIcon;
				ASSETCATALOG_COMPILER_LAUNCHIMAGE_NAME = LaunchImage;
				INFOPLIST_FILE = mailbox_prototype/Info.plist;
				LD_RUNPATH_SEARCH_PATHS = "$(inherited) @executable_path/Frameworks";
				PRODUCT_NAME = "$(TARGET_NAME)";
			};
			name = Debug;
		};
		DEC0322719AABA3600A70A6A /* Release */ = {
			isa = XCBuildConfiguration;
			buildSettings = {
				ASSETCATALOG_COMPILER_APPICON_NAME = AppIcon;
				ASSETCATALOG_COMPILER_LAUNCHIMAGE_NAME = LaunchImage;
				INFOPLIST_FILE = mailbox_prototype/Info.plist;
				LD_RUNPATH_SEARCH_PATHS = "$(inherited) @executable_path/Frameworks";
				PRODUCT_NAME = "$(TARGET_NAME)";
			};
			name = Release;
		};
		DEC0322919AABA3600A70A6A /* Debug */ = {
			isa = XCBuildConfiguration;
			buildSettings = {
				BUNDLE_LOADER = "$(TEST_HOST)";
				FRAMEWORK_SEARCH_PATHS = (
					"$(SDKROOT)/Developer/Library/Frameworks",
					"$(inherited)",
				);
				GCC_PREPROCESSOR_DEFINITIONS = (
					"DEBUG=1",
					"$(inherited)",
				);
				INFOPLIST_FILE = mailbox_prototypeTests/Info.plist;
				LD_RUNPATH_SEARCH_PATHS = "$(inherited) @executable_path/Frameworks @loader_path/Frameworks";
				PRODUCT_NAME = "$(TARGET_NAME)";
				TEST_HOST = "$(BUILT_PRODUCTS_DIR)/mailbox_prototype.app/mailbox_prototype";
			};
			name = Debug;
		};
		DEC0322A19AABA3600A70A6A /* Release */ = {
			isa = XCBuildConfiguration;
			buildSettings = {
				BUNDLE_LOADER = "$(TEST_HOST)";
				FRAMEWORK_SEARCH_PATHS = (
					"$(SDKROOT)/Developer/Library/Frameworks",
					"$(inherited)",
				);
				INFOPLIST_FILE = mailbox_prototypeTests/Info.plist;
				LD_RUNPATH_SEARCH_PATHS = "$(inherited) @executable_path/Frameworks @loader_path/Frameworks";
				PRODUCT_NAME = "$(TARGET_NAME)";
				TEST_HOST = "$(BUILT_PRODUCTS_DIR)/mailbox_prototype.app/mailbox_prototype";
			};
			name = Release;
		};
/* End XCBuildConfiguration section */

/* Begin XCConfigurationList section */
		DEC0320419AABA3600A70A6A /* Build configuration list for PBXProject "mailbox_prototype" */ = {
			isa = XCConfigurationList;
			buildConfigurations = (
				DEC0322319AABA3600A70A6A /* Debug */,
				DEC0322419AABA3600A70A6A /* Release */,
			);
			defaultConfigurationIsVisible = 0;
			defaultConfigurationName = Release;
		};
		DEC0322519AABA3600A70A6A /* Build configuration list for PBXNativeTarget "mailbox_prototype" */ = {
			isa = XCConfigurationList;
			buildConfigurations = (
				DEC0322619AABA3600A70A6A /* Debug */,
				DEC0322719AABA3600A70A6A /* Release */,
			);
			defaultConfigurationIsVisible = 0;
		};
		DEC0322819AABA3600A70A6A /* Build configuration list for PBXNativeTarget "mailbox_prototypeTests" */ = {
			isa = XCConfigurationList;
			buildConfigurations = (
				DEC0322919AABA3600A70A6A /* Debug */,
				DEC0322A19AABA3600A70A6A /* Release */,
			);
			defaultConfigurationIsVisible = 0;
		};
/* End XCConfigurationList section */
	};
	rootObject = DEC0320119AABA3600A70A6A /* Project object */;
}
